// !$*UTF8*$!
{
	archiveVersion = 1;
	classes = {
	};
	objectVersion = 46;
	objects = {

/* Begin PBXBuildFile section */
		956FFD761EDC5B7B00F8CAC4 /* NetworkController.swift in Sources */ = {isa = PBXBuildFile; fileRef = 956FFD751EDC5B7B00F8CAC4 /* NetworkController.swift */; };
		95F3062D1ED70FF50029202E /* AppDelegate.swift in Sources */ = {isa = PBXBuildFile; fileRef = 95F3062C1ED70FF50029202E /* AppDelegate.swift */; };
		95F3062F1ED70FF50029202E /* TopQuestionViewController.swift in Sources */ = {isa = PBXBuildFile; fileRef = 95F3062E1ED70FF50029202E /* TopQuestionViewController.swift */; };
		95F306321ED70FF50029202E /* Main.storyboard in Resources */ = {isa = PBXBuildFile; fileRef = 95F306301ED70FF50029202E /* Main.storyboard */; };
		95F306341ED70FF50029202E /* Assets.xcassets in Resources */ = {isa = PBXBuildFile; fileRef = 95F306331ED70FF50029202E /* Assets.xcassets */; };
		95F306371ED70FF50029202E /* LaunchScreen.storyboard in Resources */ = {isa = PBXBuildFile; fileRef = 95F306351ED70FF50029202E /* LaunchScreen.storyboard */; };
		95F3063F1ED7124B0029202E /* User.swift in Sources */ = {isa = PBXBuildFile; fileRef = 95F3063E1ED7124B0029202E /* User.swift */; };
		95F306411ED712F30029202E /* Serialization.swift in Sources */ = {isa = PBXBuildFile; fileRef = 95F306401ED712F30029202E /* Serialization.swift */; };
		95F306431ED715400029202E /* Question.swift in Sources */ = {isa = PBXBuildFile; fileRef = 95F306421ED715400029202E /* Question.swift */; };
		95F306451ED718920029202E /* NetworkRequest.swift in Sources */ = {isa = PBXBuildFile; fileRef = 95F306441ED718920029202E /* NetworkRequest.swift */; };
		95F306471ED719E50029202E /* APIResources.swift in Sources */ = {isa = PBXBuildFile; fileRef = 95F306461ED719E50029202E /* APIResources.swift */; };
/* End PBXBuildFile section */

/* Begin PBXFileReference section */
		956FFD751EDC5B7B00F8CAC4 /* NetworkController.swift */ = {isa = PBXFileReference; fileEncoding = 4; lastKnownFileType = sourcecode.swift; path = NetworkController.swift; sourceTree = "<group>"; };
		95F306291ED70FF50029202E /* TopQuestion.app */ = {isa = PBXFileReference; explicitFileType = wrapper.application; includeInIndex = 0; path = TopQuestion.app; sourceTree = BUILT_PRODUCTS_DIR; };
		95F3062C1ED70FF50029202E /* AppDelegate.swift */ = {isa = PBXFileReference; lastKnownFileType = sourcecode.swift; path = AppDelegate.swift; sourceTree = "<group>"; };
		95F3062E1ED70FF50029202E /* TopQuestionViewController.swift */ = {isa = PBXFileReference; lastKnownFileType = sourcecode.swift; path = TopQuestionViewController.swift; sourceTree = "<group>"; };
		95F306311ED70FF50029202E /* Base */ = {isa = PBXFileReference; lastKnownFileType = file.storyboard; name = Base; path = Base.lproj/Main.storyboard; sourceTree = "<group>"; };
		95F306331ED70FF50029202E /* Assets.xcassets */ = {isa = PBXFileReference; lastKnownFileType = folder.assetcatalog; path = Assets.xcassets; sourceTree = "<group>"; };
		95F306361ED70FF50029202E /* Base */ = {isa = PBXFileReference; lastKnownFileType = file.storyboard; name = Base; path = Base.lproj/LaunchScreen.storyboard; sourceTree = "<group>"; };
		95F306381ED70FF60029202E /* Info.plist */ = {isa = PBXFileReference; lastKnownFileType = text.plist.xml; path = Info.plist; sourceTree = "<group>"; };
		95F3063E1ED7124B0029202E /* User.swift */ = {isa = PBXFileReference; fileEncoding = 4; lastKnownFileType = sourcecode.swift; path = User.swift; sourceTree = "<group>"; };
		95F306401ED712F30029202E /* Serialization.swift */ = {isa = PBXFileReference; fileEncoding = 4; lastKnownFileType = sourcecode.swift; path = Serialization.swift; sourceTree = "<group>"; };
		95F306421ED715400029202E /* Question.swift */ = {isa = PBXFileReference; fileEncoding = 4; lastKnownFileType = sourcecode.swift; path = Question.swift; sourceTree = "<group>"; };
		95F306441ED718920029202E /* NetworkRequest.swift */ = {isa = PBXFileReference; fileEncoding = 4; lastKnownFileType = sourcecode.swift; path = NetworkRequest.swift; sourceTree = "<group>"; };
		95F306461ED719E50029202E /* APIResources.swift */ = {isa = PBXFileReference; fileEncoding = 4; lastKnownFileType = sourcecode.swift; path = APIResources.swift; sourceTree = "<group>"; };
/* End PBXFileReference section */

/* Begin PBXFrameworksBuildPhase section */
		95F306261ED70FF50029202E /* Frameworks */ = {
			isa = PBXFrameworksBuildPhase;
			buildActionMask = 2147483647;
			files = (
			);
			runOnlyForDeploymentPostprocessing = 0;
		};
/* End PBXFrameworksBuildPhase section */

/* Begin PBXGroup section */
		95F306201ED70FF50029202E = {
			isa = PBXGroup;
			children = (
				95F3062B1ED70FF50029202E /* TopQuestion */,
				95F3062A1ED70FF50029202E /* Products */,
			);
			sourceTree = "<group>";
		};
		95F3062A1ED70FF50029202E /* Products */ = {
			isa = PBXGroup;
			children = (
				95F306291ED70FF50029202E /* TopQuestion.app */,
			);
			name = Products;
			sourceTree = "<group>";
		};
		95F3062B1ED70FF50029202E /* TopQuestion */ = {
			isa = PBXGroup;
			children = (
				95F306351ED70FF50029202E /* LaunchScreen.storyboard */,
				95F306301ED70FF50029202E /* Main.storyboard */,
				95F3062C1ED70FF50029202E /* AppDelegate.swift */,
				95F3062E1ED70FF50029202E /* TopQuestionViewController.swift */,
				95F3063E1ED7124B0029202E /* User.swift */,
				95F306421ED715400029202E /* Question.swift */,
				95F306401ED712F30029202E /* Serialization.swift */,
				95F306441ED718920029202E /* NetworkRequest.swift */,
				956FFD751EDC5B7B00F8CAC4 /* NetworkController.swift */,
				95F306461ED719E50029202E /* APIResources.swift */,
				95F306331ED70FF50029202E /* Assets.xcassets */,
				95F306381ED70FF60029202E /* Info.plist */,
			);
			path = TopQuestion;
			sourceTree = "<group>";
		};
/* End PBXGroup section */

/* Begin PBXNativeTarget section */
		95F306281ED70FF50029202E /* TopQuestion */ = {
			isa = PBXNativeTarget;
			buildConfigurationList = 95F3063B1ED70FF60029202E /* Build configuration list for PBXNativeTarget "TopQuestion" */;
			buildPhases = (
				95F306251ED70FF50029202E /* Sources */,
				95F306261ED70FF50029202E /* Frameworks */,
				95F306271ED70FF50029202E /* Resources */,
			);
			buildRules = (
			);
			dependencies = (
			);
			name = TopQuestion;
			productName = TopQuestion;
			productReference = 95F306291ED70FF50029202E /* TopQuestion.app */;
			productType = "com.apple.product-type.application";
		};
/* End PBXNativeTarget section */

/* Begin PBXProject section */
		95F306211ED70FF50029202E /* Project object */ = {
			isa = PBXProject;
			attributes = {
				LastSwiftUpdateCheck = 0830;
				LastUpgradeCheck = 0830;
				ORGANIZATIONNAME = "Pure Creek";
				TargetAttributes = {
					95F306281ED70FF50029202E = {
						CreatedOnToolsVersion = 8.3;
						ProvisioningStyle = Automatic;
					};
				};
			};
			buildConfigurationList = 95F306241ED70FF50029202E /* Build configuration list for PBXProject "TopQuestion" */;
			compatibilityVersion = "Xcode 3.2";
			developmentRegion = English;
			hasScannedForEncodings = 0;
			knownRegions = (
				en,
				Base,
			);
			mainGroup = 95F306201ED70FF50029202E;
			productRefGroup = 95F3062A1ED70FF50029202E /* Products */;
			projectDirPath = "";
			projectRoot = "";
			targets = (
				95F306281ED70FF50029202E /* TopQuestion */,
			);
		};
/* End PBXProject section */

/* Begin PBXResourcesBuildPhase section */
		95F306271ED70FF50029202E /* Resources */ = {
			isa = PBXResourcesBuildPhase;
			buildActionMask = 2147483647;
			files = (
				95F306371ED70FF50029202E /* LaunchScreen.storyboard in Resources */,
				95F306341ED70FF50029202E /* Assets.xcassets in Resources */,
				95F306321ED70FF50029202E /* Main.storyboard in Resources */,
			);
			runOnlyForDeploymentPostprocessing = 0;
		};
/* End PBXResourcesBuildPhase section */

/* Begin PBXSourcesBuildPhase section */
		95F306251ED70FF50029202E /* Sources */ = {
			isa = PBXSourcesBuildPhase;
			buildActionMask = 2147483647;
			files = (
				956FFD761EDC5B7B00F8CAC4 /* NetworkController.swift in Sources */,
				95F306431ED715400029202E /* Question.swift in Sources */,
				95F306471ED719E50029202E /* APIResources.swift in Sources */,
				95F306411ED712F30029202E /* Serialization.swift in Sources */,
				95F3062F1ED70FF50029202E /* TopQuestionViewController.swift in Sources */,
				95F3062D1ED70FF50029202E /* AppDelegate.swift in Sources */,
				95F306451ED718920029202E /* NetworkRequest.swift in Sources */,
				95F3063F1ED7124B0029202E /* User.swift in Sources */,
			);
			runOnlyForDeploymentPostprocessing = 0;
		};
/* End PBXSourcesBuildPhase section */

/* Begin PBXVariantGroup section */
		95F306301ED70FF50029202E /* Main.storyboard */ = {
			isa = PBXVariantGroup;
			children = (
				95F306311ED70FF50029202E /* Base */,
			);
			name = Main.storyboard;
			sourceTree = "<group>";
		};
		95F306351ED70FF50029202E /* LaunchScreen.storyboard */ = {
			isa = PBXVariantGroup;
			children = (
				95F306361ED70FF50029202E /* Base */,
			);
			name = LaunchScreen.storyboard;
			sourceTree = "<group>";
		};
/* End PBXVariantGroup section */

/* Begin XCBuildConfiguration section */
		95F306391ED70FF60029202E /* Debug */ = {
			isa = XCBuildConfiguration;
			buildSettings = {
				ALWAYS_SEARCH_USER_PATHS = NO;
				CLANG_ANALYZER_NONNULL = YES;
				CLANG_ANALYZER_NUMBER_OBJECT_CONVERSION = YES_AGGRESSIVE;
				CLANG_CXX_LANGUAGE_STANDARD = "gnu++0x";
				CLANG_CXX_LIBRARY = "libc++";
				CLANG_ENABLE_MODULES = YES;
				CLANG_ENABLE_OBJC_ARC = YES;
				CLANG_WARN_BOOL_CONVERSION = YES;
				CLANG_WARN_CONSTANT_CONVERSION = YES;
				CLANG_WARN_DIRECT_OBJC_ISA_USAGE = YES_ERROR;
				CLANG_WARN_DOCUMENTATION_COMMENTS = YES;
				CLANG_WARN_EMPTY_BODY = YES;
				CLANG_WARN_ENUM_CONVERSION = YES;
				CLANG_WARN_INFINITE_RECURSION = YES;
				CLANG_WARN_INT_CONVERSION = YES;
				CLANG_WARN_OBJC_ROOT_CLASS = YES_ERROR;
				CLANG_WARN_SUSPICIOUS_MOVE = YES;
				CLANG_WARN_UNREACHABLE_CODE = YES;
				CLANG_WARN__DUPLICATE_METHOD_MATCH = YES;
				"CODE_SIGN_IDENTITY[sdk=iphoneos*]" = "iPhone Developer";
				COPY_PHASE_STRIP = NO;
				DEBUG_INFORMATION_FORMAT = dwarf;
				ENABLE_STRICT_OBJC_MSGSEND = YES;
				ENABLE_TESTABILITY = YES;
				GCC_C_LANGUAGE_STANDARD = gnu99;
				GCC_DYNAMIC_NO_PIC = NO;
				GCC_NO_COMMON_BLOCKS = YES;
				GCC_OPTIMIZATION_LEVEL = 0;
				GCC_PREPROCESSOR_DEFINITIONS = (
					"DEBUG=1",
					"$(inherited)",
				);
				GCC_WARN_64_TO_32_BIT_CONVERSION = YES;
				GCC_WARN_ABOUT_RETURN_TYPE = YES_ERROR;
				GCC_WARN_UNDECLARED_SELECTOR = YES;
				GCC_WARN_UNINITIALIZED_AUTOS = YES_AGGRESSIVE;
				GCC_WARN_UNUSED_FUNCTION = YES;
				GCC_WARN_UNUSED_VARIABLE = YES;
				IPHONEOS_DEPLOYMENT_TARGET = 10.3;
				MTL_ENABLE_DEBUG_INFO = YES;
				ONLY_ACTIVE_ARCH = YES;
				SDKROOT = iphoneos;
				SWIFT_ACTIVE_COMPILATION_CONDITIONS = DEBUG;
				SWIFT_OPTIMIZATION_LEVEL = "-Onone";
			};
			name = Debug;
		};
		95F3063A1ED70FF60029202E /* Release */ = {
			isa = XCBuildConfiguration;
			buildSettings = {
				ALWAYS_SEARCH_USER_PATHS = NO;
				CLANG_ANALYZER_NONNULL = YES;
				CLANG_ANALYZER_NUMBER_OBJECT_CONVERSION = YES_AGGRESSIVE;
				CLANG_CXX_LANGUAGE_STANDARD = "gnu++0x";
				CLANG_CXX_LIBRARY = "libc++";
				CLANG_ENABLE_MODULES = YES;
				CLANG_ENABLE_OBJC_ARC = YES;
				CLANG_WARN_BOOL_CONVERSION = YES;
				CLANG_WARN_CONSTANT_CONVERSION = YES;
				CLANG_WARN_DIRECT_OBJC_ISA_USAGE = YES_ERROR;
				CLANG_WARN_DOCUMENTATION_COMMENTS = YES;
				CLANG_WARN_EMPTY_BODY = YES;
				CLANG_WARN_ENUM_CONVERSION = YES;
				CLANG_WARN_INFINITE_RECURSION = YES;
				CLANG_WARN_INT_CONVERSION = YES;
				CLANG_WARN_OBJC_ROOT_CLASS = YES_ERROR;
				CLANG_WARN_SUSPICIOUS_MOVE = YES;
				CLANG_WARN_UNREACHABLE_CODE = YES;
				CLANG_WARN__DUPLICATE_METHOD_MATCH = YES;
				"CODE_SIGN_IDENTITY[sdk=iphoneos*]" = "iPhone Developer";
				COPY_PHASE_STRIP = NO;
				DEBUG_INFORMATION_FORMAT = "dwarf-with-dsym";
				ENABLE_NS_ASSERTIONS = NO;
				ENABLE_STRICT_OBJC_MSGSEND = YES;
				GCC_C_LANGUAGE_STANDARD = gnu99;
				GCC_NO_COMMON_BLOCKS = YES;
				GCC_WARN_64_TO_32_BIT_CONVERSION = YES;
				GCC_WARN_ABOUT_RETURN_TYPE = YES_ERROR;
				GCC_WARN_UNDECLARED_SELECTOR = YES;
				GCC_WARN_UNINITIALIZED_AUTOS = YES_AGGRESSIVE;
				GCC_WARN_UNUSED_FUNCTION = YES;
				GCC_WARN_UNUSED_VARIABLE = YES;
				IPHONEOS_DEPLOYMENT_TARGET = 10.3;
				MTL_ENABLE_DEBUG_INFO = NO;
				SDKROOT = iphoneos;
				SWIFT_OPTIMIZATION_LEVEL = "-Owholemodule";
				VALIDATE_PRODUCT = YES;
			};
			name = Release;
		};
		95F3063C1ED70FF60029202E /* Debug */ = {
			isa = XCBuildConfiguration;
			buildSettings = {
				ASSETCATALOG_COMPILER_APPICON_NAME = AppIcon;
				INFOPLIST_FILE = TopQuestion/Info.plist;
				LD_RUNPATH_SEARCH_PATHS = "$(inherited) @executable_path/Frameworks";
				PRODUCT_BUNDLE_IDENTIFIER = com.purecreek.TopQuestion;
				PRODUCT_NAME = "$(TARGET_NAME)";
				SWIFT_VERSION = 3.0;
			};
			name = Debug;
		};
		95F3063D1ED70FF60029202E /* Release */ = {
			isa = XCBuildConfiguration;
			buildSettings = {
				ASSETCATALOG_COMPILER_APPICON_NAME = AppIcon;
				INFOPLIST_FILE = TopQuestion/Info.plist;
				LD_RUNPATH_SEARCH_PATHS = "$(inherited) @executable_path/Frameworks";
				PRODUCT_BUNDLE_IDENTIFIER = com.purecreek.TopQuestion;
				PRODUCT_NAME = "$(TARGET_NAME)";
				SWIFT_VERSION = 3.0;
			};
			name = Release;
		};
/* End XCBuildConfiguration section */

/* Begin XCConfigurationList section */
		95F306241ED70FF50029202E /* Build configuration list for PBXProject "TopQuestion" */ = {
			isa = XCConfigurationList;
			buildConfigurations = (
				95F306391ED70FF60029202E /* Debug */,
				95F3063A1ED70FF60029202E /* Release */,
			);
			defaultConfigurationIsVisible = 0;
			defaultConfigurationName = Release;
		};
		95F3063B1ED70FF60029202E /* Build configuration list for PBXNativeTarget "TopQuestion" */ = {
			isa = XCConfigurationList;
			buildConfigurations = (
				95F3063C1ED70FF60029202E /* Debug */,
				95F3063D1ED70FF60029202E /* Release */,
			);
			defaultConfigurationIsVisible = 0;
			defaultConfigurationName = Release;
		};
/* End XCConfigurationList section */
	};
	rootObject = 95F306211ED70FF50029202E /* Project object */;
}
